
Microsoft Visual Studio Solution File, Format Version 12.00
# Visual Studio Version 17
VisualStudioVersion = 17.8.34004.107
MinimumVisualStudioVersion = 10.0.40219.1
Project("{FAE04EC0-301F-11D3-BF4B-00C04F79EFBC}") = "RedDog.Search", "RedDog.Search\RedDog.Search.csproj", "{F3CDC9C8-A12F-429C-A9DA-FB57A9619CCD}"
EndProject
Project("{FAE04EC0-301F-11D3-BF4B-00C04F79EFBC}") = "RedDog.Search.Tests", "RedDog.Search.Tests\RedDog.Search.Tests.csproj", "{A96634F5-4C5C-44FD-AD84-4BDD6276863F}"
EndProject
Global
	GlobalSection(SolutionConfigurationPlatforms) = preSolution
		Debug|Any CPU = Debug|Any CPU
		Release|Any CPU = Release|Any CPU
	EndGlobalSection
	GlobalSection(ProjectConfigurationPlatforms) = postSolution
		{F3CDC9C8-A12F-429C-A9DA-FB57A9619CCD}.Debug|Any CPU.ActiveCfg = Debug|Any CPU
		{F3CDC9C8-A12F-429C-A9DA-FB57A9619CCD}.Debug|Any CPU.Build.0 = Debug|Any CPU
		{F3CDC9C8-A12F-429C-A9DA-FB57A9619CCD}.Release|Any CPU.ActiveCfg = Release|Any CPU
		{F3CDC9C8-A12F-429C-A9DA-FB57A9619CCD}.Release|Any CPU.Build.0 = Release|Any CPU
		{A96634F5-4C5C-44FD-AD84-4BDD6276863F}.Debug|Any CPU.ActiveCfg = Debug|Any CPU
		{A96634F5-4C5C-44FD-AD84-4BDD6276863F}.Debug|Any CPU.Build.0 = Debug|Any CPU
		{A96634F5-4C5C-44FD-AD84-4BDD6276863F}.Release|Any CPU.ActiveCfg = Release|Any CPU
		{A96634F5-4C5C-44FD-AD84-4BDD6276863F}.Release|Any CPU.Build.0 = Release|Any CPU
	EndGlobalSection
	GlobalSection(SolutionProperties) = preSolution
		HideSolutionNode = FALSE
	EndGlobalSection
EndGlobal
